
Microsoft Visual Studio Solution File, Format Version 12.00
# Visual Studio Version 17
VisualStudioVersion = 17.10.35004.147
MinimumVisualStudioVersion = 10.0.40219.1
Project("{FAE04EC0-301F-11D3-BF4B-00C04F79EFBC}") = "DockerExercise", "DockerExercise.csproj", "{C5631C9B-D36E-4603-A42F-85844F713216}"
EndProject
Global
	GlobalSection(SolutionConfigurationPlatforms) = preSolution
		Debug|Any CPU = Debug|Any CPU
		Release|Any CPU = Release|Any CPU
	EndGlobalSection
	GlobalSection(ProjectConfigurationPlatforms) = postSolution
		{C5631C9B-D36E-4603-A42F-85844F713216}.Debug|Any CPU.ActiveCfg = Debug|Any CPU
		{C5631C9B-D36E-4603-A42F-85844F713216}.Debug|Any CPU.Build.0 = Debug|Any CPU
		{C5631C9B-D36E-4603-A42F-85844F713216}.Release|Any CPU.ActiveCfg = Release|Any CPU
		{C5631C9B-D36E-4603-A42F-85844F713216}.Release|Any CPU.Build.0 = Release|Any CPU
	EndGlobalSection
	GlobalSection(SolutionProperties) = preSolution
		HideSolutionNode = FALSE
	EndGlobalSection
	GlobalSection(ExtensibilityGlobals) = postSolution
		SolutionGuid = {1320B4D9-5A1D-4EE3-858A-2429055DDBC6}
	EndGlobalSection
EndGlobal
